
Microsoft Visual Studio Solution File, Format Version 12.00
# Visual Studio Version 16
VisualStudioVersion = 16.0.32002.261
MinimumVisualStudioVersion = 10.0.40219.1
Project("{FAE04EC0-301F-11D3-BF4B-00C04F79EFBC}") = "HotelReservation", "HotelReservation\HotelReservation.csproj", "{28F650FA-48CD-4879-BAAA-026C3E5BCBCC}"
EndProject
Global
	GlobalSection(SolutionConfigurationPlatforms) = preSolution
		Debug|Any CPU = Debug|Any CPU
		Release|Any CPU = Release|Any CPU
	EndGlobalSection
	GlobalSection(ProjectConfigurationPlatforms) = postSolution
		{28F650FA-48CD-4879-BAAA-026C3E5BCBCC}.Debug|Any CPU.ActiveCfg = Debug|Any CPU
		{28F650FA-48CD-4879-BAAA-026C3E5BCBCC}.Debug|Any CPU.Build.0 = Debug|Any CPU
		{28F650FA-48CD-4879-BAAA-026C3E5BCBCC}.Release|Any CPU.ActiveCfg = Release|Any CPU
		{28F650FA-48CD-4879-BAAA-026C3E5BCBCC}.Release|Any CPU.Build.0 = Release|Any CPU
	EndGlobalSection
	GlobalSection(SolutionProperties) = preSolution
		HideSolutionNode = FALSE
	EndGlobalSection
	GlobalSection(ExtensibilityGlobals) = postSolution
		SolutionGuid = {4094D7BA-17D0-4626-B368-4C85958869A5}
	EndGlobalSection
EndGlobal
